Microsoft Visual Studio Solution File, Format Version 11.00
# Visual Studio 2008

Project("{15B6CDD4-01D3-CA0C-BB9C-FEC80BCB0A51}") = "WraithSquadron_Unity", "Assembly-CSharp-firstpass.csproj", "{1486F461-81A3-13C2-168A-4655E963F615}"
EndProject
Project("{15B6CDD4-01D3-CA0C-BB9C-FEC80BCB0A51}") = "WraithSquadron_Unity", "Assembly-CSharp.csproj", "{7CCC14FD-86C7-3F8A-2215-2F17B6F2385D}"
EndProject
Project("{15B6CDD4-01D3-CA0C-BB9C-FEC80BCB0A51}") = "WraithSquadron_Unity", "Assembly-UnityScript-firstpass.unityproj", "{33859460-9676-6EC3-7ECA-A48DAF7DC9EA}"
EndProject
Project("{15B6CDD4-01D3-CA0C-BB9C-FEC80BCB0A51}") = "WraithSquadron_Unity", "Assembly-UnityScript.unityproj", "{9F3767A5-8997-DAB2-79BC-2BE7F5FF2583}"
EndProject
Global
	GlobalSection(SolutionConfigurationPlatforms) = preSolution
		Debug|Any CPU = Debug|Any CPU
		Release|Any CPU = Release|Any CPU
	EndGlobalSection
	GlobalSection(ProjectConfigurationPlatforms) = postSolution
		{1486F461-81A3-13C2-168A-4655E963F615}.Debug|Any CPU.ActiveCfg = Debug|Any CPU
		{1486F461-81A3-13C2-168A-4655E963F615}.Debug|Any CPU.Build.0 = Debug|Any CPU
		{1486F461-81A3-13C2-168A-4655E963F615}.Release|Any CPU.ActiveCfg = Release|Any CPU
		{1486F461-81A3-13C2-168A-4655E963F615}.Release|Any CPU.Build.0 = Release|Any CPU
		{7CCC14FD-86C7-3F8A-2215-2F17B6F2385D}.Debug|Any CPU.ActiveCfg = Debug|Any CPU
		{7CCC14FD-86C7-3F8A-2215-2F17B6F2385D}.Debug|Any CPU.Build.0 = Debug|Any CPU
		{7CCC14FD-86C7-3F8A-2215-2F17B6F2385D}.Release|Any CPU.ActiveCfg = Release|Any CPU
		{7CCC14FD-86C7-3F8A-2215-2F17B6F2385D}.Release|Any CPU.Build.0 = Release|Any CPU
		{33859460-9676-6EC3-7ECA-A48DAF7DC9EA}.Debug|Any CPU.ActiveCfg = Debug|Any CPU
		{33859460-9676-6EC3-7ECA-A48DAF7DC9EA}.Debug|Any CPU.Build.0 = Debug|Any CPU
		{33859460-9676-6EC3-7ECA-A48DAF7DC9EA}.Release|Any CPU.ActiveCfg = Release|Any CPU
		{33859460-9676-6EC3-7ECA-A48DAF7DC9EA}.Release|Any CPU.Build.0 = Release|Any CPU
		{9F3767A5-8997-DAB2-79BC-2BE7F5FF2583}.Debug|Any CPU.ActiveCfg = Debug|Any CPU
		{9F3767A5-8997-DAB2-79BC-2BE7F5FF2583}.Debug|Any CPU.Build.0 = Debug|Any CPU
		{9F3767A5-8997-DAB2-79BC-2BE7F5FF2583}.Release|Any CPU.ActiveCfg = Release|Any CPU
		{9F3767A5-8997-DAB2-79BC-2BE7F5FF2583}.Release|Any CPU.Build.0 = Release|Any CPU
	EndGlobalSection
	GlobalSection(SolutionProperties) = preSolution
		HideSolutionNode = FALSE
	EndGlobalSection
																																											GlobalSection(MonoDevelopProperties) = preSolution
		StartupItem = Assembly-CSharp.csproj
		Policies = $0
		$0.TextStylePolicy = $1
		$1.inheritsSet = null
		$1.scope = text/x-csharp
		$0.CSharpFormattingPolicy = $2
		$2.inheritsSet = Mono
		$2.inheritsScope = text/x-csharp
		$2.scope = text/x-csharp
		$0.TextStylePolicy = $3
		$3.FileWidth = 120
		$3.TabWidth = 4
		$3.EolMarker = Unix
		$3.inheritsSet = Mono
		$3.inheritsScope = text/plain
		$3.scope = text/plain
	EndGlobalSection

EndGlobal
